// !$*UTF8*$!
{
	archiveVersion = 1;
	classes = {
	};
	objectVersion = 56;
	objects = {

/* Begin PBXBuildFile section */
		D85E3E582A6FB39200D0A84E /* EmotionEnum.swift in Sources */ = {isa = PBXBuildFile; fileRef = D85E3E572A6FB39200D0A84E /* EmotionEnum.swift */; };
		D85E3E5A2A6FB53C00D0A84E /* CountEmotionViewController.swift in Sources */ = {isa = PBXBuildFile; fileRef = D85E3E592A6FB53C00D0A84E /* CountEmotionViewController.swift */; };
		D89818382A6FAD8C008F215F /* AppDelegate.swift in Sources */ = {isa = PBXBuildFile; fileRef = D89818372A6FAD8C008F215F /* AppDelegate.swift */; };
		D898183A2A6FAD8C008F215F /* SceneDelegate.swift in Sources */ = {isa = PBXBuildFile; fileRef = D89818392A6FAD8C008F215F /* SceneDelegate.swift */; };
		D898183C2A6FAD8C008F215F /* ViewController.swift in Sources */ = {isa = PBXBuildFile; fileRef = D898183B2A6FAD8C008F215F /* ViewController.swift */; };
		D898183F2A6FAD8C008F215F /* Main.storyboard in Resources */ = {isa = PBXBuildFile; fileRef = D898183D2A6FAD8C008F215F /* Main.storyboard */; };
		D89818412A6FAD8D008F215F /* Assets.xcassets in Resources */ = {isa = PBXBuildFile; fileRef = D89818402A6FAD8D008F215F /* Assets.xcassets */; };
		D89818442A6FAD8D008F215F /* LaunchScreen.storyboard in Resources */ = {isa = PBXBuildFile; fileRef = D89818422A6FAD8D008F215F /* LaunchScreen.storyboard */; };
		D898184C2A6FB1EC008F215F /* EmotionViewController.swift in Sources */ = {isa = PBXBuildFile; fileRef = D898184B2A6FB1EC008F215F /* EmotionViewController.swift */; };
/* End PBXBuildFile section */

/* Begin PBXFileReference section */
		D85E3E572A6FB39200D0A84E /* EmotionEnum.swift */ = {isa = PBXFileReference; lastKnownFileType = sourcecode.swift; path = EmotionEnum.swift; sourceTree = "<group>"; };
		D85E3E592A6FB53C00D0A84E /* CountEmotionViewController.swift */ = {isa = PBXFileReference; lastKnownFileType = sourcecode.swift; path = CountEmotionViewController.swift; sourceTree = "<group>"; };
		D89818342A6FAD8C008F215F /* EmotionApp.app */ = {isa = PBXFileReference; explicitFileType = wrapper.application; includeInIndex = 0; path = EmotionApp.app; sourceTree = BUILT_PRODUCTS_DIR; };
		D89818372A6FAD8C008F215F /* AppDelegate.swift */ = {isa = PBXFileReference; lastKnownFileType = sourcecode.swift; path = AppDelegate.swift; sourceTree = "<group>"; };
		D89818392A6FAD8C008F215F /* SceneDelegate.swift */ = {isa = PBXFileReference; lastKnownFileType = sourcecode.swift; path = SceneDelegate.swift; sourceTree = "<group>"; };
		D898183B2A6FAD8C008F215F /* ViewController.swift */ = {isa = PBXFileReference; lastKnownFileType = sourcecode.swift; path = ViewController.swift; sourceTree = "<group>"; };
		D898183E2A6FAD8C008F215F /* Base */ = {isa = PBXFileReference; lastKnownFileType = file.storyboard; name = Base; path = Base.lproj/Main.storyboard; sourceTree = "<group>"; };
		D89818402A6FAD8D008F215F /* Assets.xcassets */ = {isa = PBXFileReference; lastKnownFileType = folder.assetcatalog; path = Assets.xcassets; sourceTree = "<group>"; };
		D89818432A6FAD8D008F215F /* Base */ = {isa = PBXFileReference; lastKnownFileType = file.storyboard; name = Base; path = Base.lproj/LaunchScreen.storyboard; sourceTree = "<group>"; };
		D89818452A6FAD8D008F215F /* Info.plist */ = {isa = PBXFileReference; lastKnownFileType = text.plist.xml; path = Info.plist; sourceTree = "<group>"; };
		D898184B2A6FB1EC008F215F /* EmotionViewController.swift */ = {isa = PBXFileReference; lastKnownFileType = sourcecode.swift; path = EmotionViewController.swift; sourceTree = "<group>"; };
/* End PBXFileReference section */

/* Begin PBXFrameworksBuildPhase section */
		D89818312A6FAD8C008F215F /* Frameworks */ = {
			isa = PBXFrameworksBuildPhase;
			buildActionMask = 2147483647;
			files = (
			);
			runOnlyForDeploymentPostprocessing = 0;
		};
/* End PBXFrameworksBuildPhase section */

/* Begin PBXGroup section */
		D898182B2A6FAD8C008F215F = {
			isa = PBXGroup;
			children = (
				D89818362A6FAD8C008F215F /* EmotionApp */,
				D89818352A6FAD8C008F215F /* Products */,
			);
			sourceTree = "<group>";
		};
		D89818352A6FAD8C008F215F /* Products */ = {
			isa = PBXGroup;
			children = (
				D89818342A6FAD8C008F215F /* EmotionApp.app */,
			);
			name = Products;
			sourceTree = "<group>";
		};
		D89818362A6FAD8C008F215F /* EmotionApp */ = {
			isa = PBXGroup;
			children = (
				D89818372A6FAD8C008F215F /* AppDelegate.swift */,
				D89818392A6FAD8C008F215F /* SceneDelegate.swift */,
				D898183B2A6FAD8C008F215F /* ViewController.swift */,
				D898183D2A6FAD8C008F215F /* Main.storyboard */,
				D85E3E592A6FB53C00D0A84E /* CountEmotionViewController.swift */,
				D898184B2A6FB1EC008F215F /* EmotionViewController.swift */,
				D85E3E572A6FB39200D0A84E /* EmotionEnum.swift */,
				D89818402A6FAD8D008F215F /* Assets.xcassets */,
				D89818422A6FAD8D008F215F /* LaunchScreen.storyboard */,
				D89818452A6FAD8D008F215F /* Info.plist */,
			);
			path = EmotionApp;
			sourceTree = "<group>";
		};
/* End PBXGroup section */

/* Begin PBXNativeTarget section */
		D89818332A6FAD8C008F215F /* EmotionApp */ = {
			isa = PBXNativeTarget;
			buildConfigurationList = D89818482A6FAD8D008F215F /* Build configuration list for PBXNativeTarget "EmotionApp" */;
			buildPhases = (
				D89818302A6FAD8C008F215F /* Sources */,
				D89818312A6FAD8C008F215F /* Frameworks */,
				D89818322A6FAD8C008F215F /* Resources */,
			);
			buildRules = (
			);
			dependencies = (
			);
			name = EmotionApp;
			productName = EmotionApp;
			productReference = D89818342A6FAD8C008F215F /* EmotionApp.app */;
			productType = "com.apple.product-type.application";
		};
/* End PBXNativeTarget section */

/* Begin PBXProject section */
		D898182C2A6FAD8C008F215F /* Project object */ = {
			isa = PBXProject;
			attributes = {
				BuildIndependentTargetsInParallel = 1;
				LastSwiftUpdateCheck = 1430;
				LastUpgradeCheck = 1430;
				TargetAttributes = {
					D89818332A6FAD8C008F215F = {
						CreatedOnToolsVersion = 14.3.1;
					};
				};
			};
			buildConfigurationList = D898182F2A6FAD8C008F215F /* Build configuration list for PBXProject "EmotionApp" */;
			compatibilityVersion = "Xcode 14.0";
			developmentRegion = en;
			hasScannedForEncodings = 0;
			knownRegions = (
				en,
				Base,
			);
			mainGroup = D898182B2A6FAD8C008F215F;
			productRefGroup = D89818352A6FAD8C008F215F /* Products */;
			projectDirPath = "";
			projectRoot = "";
			targets = (
				D89818332A6FAD8C008F215F /* EmotionApp */,
			);
		};
/* End PBXProject section */

/* Begin PBXResourcesBuildPhase section */
		D89818322A6FAD8C008F215F /* Resources */ = {
			isa = PBXResourcesBuildPhase;
			buildActionMask = 2147483647;
			files = (
				D89818442A6FAD8D008F215F /* LaunchScreen.storyboard in Resources */,
				D89818412A6FAD8D008F215F /* Assets.xcassets in Resources */,
				D898183F2A6FAD8C008F215F /* Main.storyboard in Resources */,
			);
			runOnlyForDeploymentPostprocessing = 0;
		};
/* End PBXResourcesBuildPhase section */

/* Begin PBXSourcesBuildPhase section */
		D89818302A6FAD8C008F215F /* Sources */ = {
			isa = PBXSourcesBuildPhase;
			buildActionMask = 2147483647;
			files = (
				D85E3E582A6FB39200D0A84E /* EmotionEnum.swift in Sources */,
				D898184C2A6FB1EC008F215F /* EmotionViewController.swift in Sources */,
				D898183C2A6FAD8C008F215F /* ViewController.swift in Sources */,
				D89818382A6FAD8C008F215F /* AppDelegate.swift in Sources */,
				D85E3E5A2A6FB53C00D0A84E /* CountEmotionViewController.swift in Sources */,
				D898183A2A6FAD8C008F215F /* SceneDelegate.swift in Sources */,
			);
			runOnlyForDeploymentPostprocessing = 0;
		};
/* End PBXSourcesBuildPhase section */

/* Begin PBXVariantGroup section */
		D898183D2A6FAD8C008F215F /* Main.storyboard */ = {
			isa = PBXVariantGroup;
			children = (
				D898183E2A6FAD8C008F215F /* Base */,
			);
			name = Main.storyboard;
			sourceTree = "<group>";
		};
		D89818422A6FAD8D008F215F /* LaunchScreen.storyboard */ = {
			isa = PBXVariantGroup;
			children = (
				D89818432A6FAD8D008F215F /* Base */,
			);
			name = LaunchScreen.storyboard;
			sourceTree = "<group>";
		};
/* End PBXVariantGroup section */

/* Begin XCBuildConfiguration section */
		D89818462A6FAD8D008F215F /* Debug */ = {
			isa = XCBuildConfiguration;
			buildSettings = {
				ALWAYS_SEARCH_USER_PATHS = NO;
				CLANG_ANALYZER_NONNULL = YES;
				CLANG_ANALYZER_NUMBER_OBJECT_CONVERSION = YES_AGGRESSIVE;
				CLANG_CXX_LANGUAGE_STANDARD = "gnu++20";
				CLANG_ENABLE_MODULES = YES;
				CLANG_ENABLE_OBJC_ARC = YES;
				CLANG_ENABLE_OBJC_WEAK = YES;
				CLANG_WARN_BLOCK_CAPTURE_AUTORELEASING = YES;
				CLANG_WARN_BOOL_CONVERSION = YES;
				CLANG_WARN_COMMA = YES;
				CLANG_WARN_CONSTANT_CONVERSION = YES;
				CLANG_WARN_DEPRECATED_OBJC_IMPLEMENTATIONS = YES;
				CLANG_WARN_DIRECT_OBJC_ISA_USAGE = YES_ERROR;
				CLANG_WARN_DOCUMENTATION_COMMENTS = YES;
				CLANG_WARN_EMPTY_BODY = YES;
				CLANG_WARN_ENUM_CONVERSION = YES;
				CLANG_WARN_INFINITE_RECURSION = YES;
				CLANG_WARN_INT_CONVERSION = YES;
				CLANG_WARN_NON_LITERAL_NULL_CONVERSION = YES;
				CLANG_WARN_OBJC_IMPLICIT_RETAIN_SELF = YES;
				CLANG_WARN_OBJC_LITERAL_CONVERSION = YES;
				CLANG_WARN_OBJC_ROOT_CLASS = YES_ERROR;
				CLANG_WARN_QUOTED_INCLUDE_IN_FRAMEWORK_HEADER = YES;
				CLANG_WARN_RANGE_LOOP_ANALYSIS = YES;
				CLANG_WARN_STRICT_PROTOTYPES = YES;
				CLANG_WARN_SUSPICIOUS_MOVE = YES;
				CLANG_WARN_UNGUARDED_AVAILABILITY = YES_AGGRESSIVE;
				CLANG_WARN_UNREACHABLE_CODE = YES;
				CLANG_WARN__DUPLICATE_METHOD_MATCH = YES;
				COPY_PHASE_STRIP = NO;
				DEBUG_INFORMATION_FORMAT = dwarf;
				ENABLE_STRICT_OBJC_MSGSEND = YES;
				ENABLE_TESTABILITY = YES;
				GCC_C_LANGUAGE_STANDARD = gnu11;
				GCC_DYNAMIC_NO_PIC = NO;
				GCC_NO_COMMON_BLOCKS = YES;
				GCC_OPTIMIZATION_LEVEL = 0;
				GCC_PREPROCESSOR_DEFINITIONS = (
					"DEBUG=1",
					"$(inherited)",
				);
				GCC_WARN_64_TO_32_BIT_CONVERSION = YES;
				GCC_WARN_ABOUT_RETURN_TYPE = YES_ERROR;
				GCC_WARN_UNDECLARED_SELECTOR = YES;
				GCC_WARN_UNINITIALIZED_AUTOS = YES_AGGRESSIVE;
				GCC_WARN_UNUSED_FUNCTION = YES;
				GCC_WARN_UNUSED_VARIABLE = YES;
				IPHONEOS_DEPLOYMENT_TARGET = 16.4;
				MTL_ENABLE_DEBUG_INFO = INCLUDE_SOURCE;
				MTL_FAST_MATH = YES;
				ONLY_ACTIVE_ARCH = YES;
				SDKROOT = iphoneos;
				SWIFT_ACTIVE_COMPILATION_CONDITIONS = DEBUG;
				SWIFT_OPTIMIZATION_LEVEL = "-Onone";
			};
			name = Debug;
		};
		D89818472A6FAD8D008F215F /* Release */ = {
			isa = XCBuildConfiguration;
			buildSettings = {
				ALWAYS_SEARCH_USER_PATHS = NO;
				CLANG_ANALYZER_NONNULL = YES;
				CLANG_ANALYZER_NUMBER_OBJECT_CONVERSION = YES_AGGRESSIVE;
				CLANG_CXX_LANGUAGE_STANDARD = "gnu++20";
				CLANG_ENABLE_MODULES = YES;
				CLANG_ENABLE_OBJC_ARC = YES;
				CLANG_ENABLE_OBJC_WEAK = YES;
				CLANG_WARN_BLOCK_CAPTURE_AUTORELEASING = YES;
				CLANG_WARN_BOOL_CONVERSION = YES;
				CLANG_WARN_COMMA = YES;
				CLANG_WARN_CONSTANT_CONVERSION = YES;
				CLANG_WARN_DEPRECATED_OBJC_IMPLEMENTATIONS = YES;
				CLANG_WARN_DIRECT_OBJC_ISA_USAGE = YES_ERROR;
				CLANG_WARN_DOCUMENTATION_COMMENTS = YES;
				CLANG_WARN_EMPTY_BODY = YES;
				CLANG_WARN_ENUM_CONVERSION = YES;
				CLANG_WARN_INFINITE_RECURSION = YES;
				CLANG_WARN_INT_CONVERSION = YES;
				CLANG_WARN_NON_LITERAL_NULL_CONVERSION = YES;
				CLANG_WARN_OBJC_IMPLICIT_RETAIN_SELF = YES;
				CLANG_WARN_OBJC_LITERAL_CONVERSION = YES;
				CLANG_WARN_OBJC_ROOT_CLASS = YES_ERROR;
				CLANG_WARN_QUOTED_INCLUDE_IN_FRAMEWORK_HEADER = YES;
				CLANG_WARN_RANGE_LOOP_ANALYSIS = YES;
				CLANG_WARN_STRICT_PROTOTYPES = YES;
				CLANG_WARN_SUSPICIOUS_MOVE = YES;
				CLANG_WARN_UNGUARDED_AVAILABILITY = YES_AGGRESSIVE;
				CLANG_WARN_UNREACHABLE_CODE = YES;
				CLANG_WARN__DUPLICATE_METHOD_MATCH = YES;
				COPY_PHASE_STRIP = NO;
				DEBUG_INFORMATION_FORMAT = "dwarf-with-dsym";
				ENABLE_NS_ASSERTIONS = NO;
				ENABLE_STRICT_OBJC_MSGSEND = YES;
				GCC_C_LANGUAGE_STANDARD = gnu11;
				GCC_NO_COMMON_BLOCKS = YES;
				GCC_WARN_64_TO_32_BIT_CONVERSION = YES;
				GCC_WARN_ABOUT_RETURN_TYPE = YES_ERROR;
				GCC_WARN_UNDECLARED_SELECTOR = YES;
				GCC_WARN_UNINITIALIZED_AUTOS = YES_AGGRESSIVE;
				GCC_WARN_UNUSED_FUNCTION = YES;
				GCC_WARN_UNUSED_VARIABLE = YES;
				IPHONEOS_DEPLOYMENT_TARGET = 16.4;
				MTL_ENABLE_DEBUG_INFO = NO;
				MTL_FAST_MATH = YES;
				SDKROOT = iphoneos;
				SWIFT_COMPILATION_MODE = wholemodule;
				SWIFT_OPTIMIZATION_LEVEL = "-O";
				VALIDATE_PRODUCT = YES;
			};
			name = Release;
		};
		D89818492A6FAD8D008F215F /* Debug */ = {
			isa = XCBuildConfiguration;
			buildSettings = {
				ASSETCATALOG_COMPILER_APPICON_NAME = AppIcon;
				ASSETCATALOG_COMPILER_GLOBAL_ACCENT_COLOR_NAME = AccentColor;
				CODE_SIGN_STYLE = Automatic;
				CURRENT_PROJECT_VERSION = 1;
				DEVELOPMENT_TEAM = AM9D6522QR;
				GENERATE_INFOPLIST_FILE = YES;
				INFOPLIST_FILE = EmotionApp/Info.plist;
				INFOPLIST_KEY_UIApplicationSupportsIndirectInputEvents = YES;
				INFOPLIST_KEY_UILaunchStoryboardName = LaunchScreen;
				INFOPLIST_KEY_UIMainStoryboardFile = Main;
				INFOPLIST_KEY_UISupportedInterfaceOrientations_iPad = "UIInterfaceOrientationPortrait UIInterfaceOrientationPortraitUpsideDown UIInterfaceOrientationLandscapeLeft UIInterfaceOrientationLandscapeRight";
				INFOPLIST_KEY_UISupportedInterfaceOrientations_iPhone = "UIInterfaceOrientationPortrait UIInterfaceOrientationLandscapeLeft UIInterfaceOrientationLandscapeRight";
				LD_RUNPATH_SEARCH_PATHS = (
					"$(inherited)",
					"@executable_path/Frameworks",
				);
				MARKETING_VERSION = 1.0;
				PRODUCT_BUNDLE_IDENTIFIER = com.Sun.EmotionApp;
				PRODUCT_NAME = "$(TARGET_NAME)";
				SWIFT_EMIT_LOC_STRINGS = YES;
				SWIFT_VERSION = 5.0;
				TARGETED_DEVICE_FAMILY = "1,2";
			};
			name = Debug;
		};
		D898184A2A6FAD8D008F215F /* Release */ = {
			isa = XCBuildConfiguration;
			buildSettings = {
				ASSETCATALOG_COMPILER_APPICON_NAME = AppIcon;
				ASSETCATALOG_COMPILER_GLOBAL_ACCENT_COLOR_NAME = AccentColor;
				CODE_SIGN_STYLE = Automatic;
				CURRENT_PROJECT_VERSION = 1;
				DEVELOPMENT_TEAM = AM9D6522QR;
				GENERATE_INFOPLIST_FILE = YES;
				INFOPLIST_FILE = EmotionApp/Info.plist;
				INFOPLIST_KEY_UIApplicationSupportsIndirectInputEvents = YES;
				INFOPLIST_KEY_UILaunchStoryboardName = LaunchScreen;
				INFOPLIST_KEY_UIMainStoryboardFile = Main;
				INFOPLIST_KEY_UISupportedInterfaceOrientations_iPad = "UIInterfaceOrientationPortrait UIInterfaceOrientationPortraitUpsideDown UIInterfaceOrientationLandscapeLeft UIInterfaceOrientationLandscapeRight";
				INFOPLIST_KEY_UISupportedInterfaceOrientations_iPhone = "UIInterfaceOrientationPortrait UIInterfaceOrientationLandscapeLeft UIInterfaceOrientationLandscapeRight";
				LD_RUNPATH_SEARCH_PATHS = (
					"$(inherited)",
					"@executable_path/Frameworks",
				);
				MARKETING_VERSION = 1.0;
				PRODUCT_BUNDLE_IDENTIFIER = com.Sun.EmotionApp;
				PRODUCT_NAME = "$(TARGET_NAME)";
				SWIFT_EMIT_LOC_STRINGS = YES;
				SWIFT_VERSION = 5.0;
				TARGETED_DEVICE_FAMILY = "1,2";
			};
			name = Release;
		};
/* End XCBuildConfiguration section */

/* Begin XCConfigurationList section */
		D898182F2A6FAD8C008F215F /* Build configuration list for PBXProject "EmotionApp" */ = {
			isa = XCConfigurationList;
			buildConfigurations = (
				D89818462A6FAD8D008F215F /* Debug */,
				D89818472A6FAD8D008F215F /* Release */,
			);
			defaultConfigurationIsVisible = 0;
			defaultConfigurationName = Release;
		};
		D89818482A6FAD8D008F215F /* Build configuration list for PBXNativeTarget "EmotionApp" */ = {
			isa = XCConfigurationList;
			buildConfigurations = (
				D89818492A6FAD8D008F215F /* Debug */,
				D898184A2A6FAD8D008F215F /* Release */,
			);
			defaultConfigurationIsVisible = 0;
			defaultConfigurationName = Release;
		};
/* End XCConfigurationList section */
	};
	rootObject = D898182C2A6FAD8C008F215F /* Project object */;
}
